
Microsoft Visual Studio Solution File, Format Version 12.00
# Visual Studio 15
VisualStudioVersion = 15.0.26228.4
MinimumVisualStudioVersion = 10.0.40219.1
Project("{2150E333-8FDC-42A3-9474-1A3956D46DE8}") = "src", "src", "{8C75A8AC-CDA2-4006-9E9B-1742E6B1E959}"
EndProject
Project("{9A19103F-16F7-4668-BE54-9A1E7A4F7556}") = "CVaS.Web", "src\CVaS.Web\CVaS.Web.csproj", "{4D4D25A9-1C00-49EE-A0A2-438909DF60D0}"
EndProject
Project("{9A19103F-16F7-4668-BE54-9A1E7A4F7556}") = "CVaS.BL", "src\CVaS.BL\CVaS.BL.csproj", "{148ED1CE-F837-4DB2-9D0A-50FD6C1CA02E}"
EndProject
Project("{9A19103F-16F7-4668-BE54-9A1E7A4F7556}") = "CVaS.DAL", "src\CVaS.DAL\CVaS.DAL.csproj", "{71989561-ABFD-4F39-8B7D-3980BC6E7F06}"
EndProject
Project("{9A19103F-16F7-4668-BE54-9A1E7A4F7556}") = "CVaS.AlgServer", "src\CVaS.AlgServer\CVaS.AlgServer.csproj", "{BD440D3F-9E6E-4AE5-B8A2-A61F8C3A5B6D}"
EndProject
Project("{9A19103F-16F7-4668-BE54-9A1E7A4F7556}") = "CVaS.Shared", "src\CVaS.Shared\CVaS.Shared.csproj", "{6CD8254C-4805-469C-B316-4CA969EF1744}"
EndProject
Project("{2150E333-8FDC-42A3-9474-1A3956D46DE8}") = "test", "test", "{CDD18A97-CB16-41B2-ACFB-5FA6B0C8123B}"
EndProject
Project("{FAE04EC0-301F-11D3-BF4B-00C04F79EFBC}") = "CVaS.UnitTests", "CVaS.UnitTests\CVaS.UnitTests.csproj", "{CE63AF71-DE6A-42D5-80D0-73CCE05DAD35}"
EndProject
Global
	GlobalSection(SolutionConfigurationPlatforms) = preSolution
		Debug|Any CPU = Debug|Any CPU
		Release|Any CPU = Release|Any CPU
	EndGlobalSection
	GlobalSection(ProjectConfigurationPlatforms) = postSolution
		{4D4D25A9-1C00-49EE-A0A2-438909DF60D0}.Debug|Any CPU.ActiveCfg = Debug|Any CPU
		{4D4D25A9-1C00-49EE-A0A2-438909DF60D0}.Debug|Any CPU.Build.0 = Debug|Any CPU
		{4D4D25A9-1C00-49EE-A0A2-438909DF60D0}.Release|Any CPU.ActiveCfg = Release|Any CPU
		{4D4D25A9-1C00-49EE-A0A2-438909DF60D0}.Release|Any CPU.Build.0 = Release|Any CPU
		{148ED1CE-F837-4DB2-9D0A-50FD6C1CA02E}.Debug|Any CPU.ActiveCfg = Debug|Any CPU
		{148ED1CE-F837-4DB2-9D0A-50FD6C1CA02E}.Debug|Any CPU.Build.0 = Debug|Any CPU
		{148ED1CE-F837-4DB2-9D0A-50FD6C1CA02E}.Release|Any CPU.ActiveCfg = Release|Any CPU
		{148ED1CE-F837-4DB2-9D0A-50FD6C1CA02E}.Release|Any CPU.Build.0 = Release|Any CPU
		{71989561-ABFD-4F39-8B7D-3980BC6E7F06}.Debug|Any CPU.ActiveCfg = Debug|Any CPU
		{71989561-ABFD-4F39-8B7D-3980BC6E7F06}.Debug|Any CPU.Build.0 = Debug|Any CPU
		{71989561-ABFD-4F39-8B7D-3980BC6E7F06}.Release|Any CPU.ActiveCfg = Release|Any CPU
		{71989561-ABFD-4F39-8B7D-3980BC6E7F06}.Release|Any CPU.Build.0 = Release|Any CPU
		{BD440D3F-9E6E-4AE5-B8A2-A61F8C3A5B6D}.Debug|Any CPU.ActiveCfg = Debug|Any CPU
		{BD440D3F-9E6E-4AE5-B8A2-A61F8C3A5B6D}.Debug|Any CPU.Build.0 = Debug|Any CPU
		{BD440D3F-9E6E-4AE5-B8A2-A61F8C3A5B6D}.Release|Any CPU.ActiveCfg = Release|Any CPU
		{BD440D3F-9E6E-4AE5-B8A2-A61F8C3A5B6D}.Release|Any CPU.Build.0 = Release|Any CPU
		{6CD8254C-4805-469C-B316-4CA969EF1744}.Debug|Any CPU.ActiveCfg = Debug|Any CPU
		{6CD8254C-4805-469C-B316-4CA969EF1744}.Debug|Any CPU.Build.0 = Debug|Any CPU
		{6CD8254C-4805-469C-B316-4CA969EF1744}.Release|Any CPU.ActiveCfg = Release|Any CPU
		{6CD8254C-4805-469C-B316-4CA969EF1744}.Release|Any CPU.Build.0 = Release|Any CPU
		{CE63AF71-DE6A-42D5-80D0-73CCE05DAD35}.Debug|Any CPU.ActiveCfg = Debug|Any CPU
		{CE63AF71-DE6A-42D5-80D0-73CCE05DAD35}.Debug|Any CPU.Build.0 = Debug|Any CPU
		{CE63AF71-DE6A-42D5-80D0-73CCE05DAD35}.Release|Any CPU.ActiveCfg = Release|Any CPU
		{CE63AF71-DE6A-42D5-80D0-73CCE05DAD35}.Release|Any CPU.Build.0 = Release|Any CPU
	EndGlobalSection
	GlobalSection(SolutionProperties) = preSolution
		HideSolutionNode = FALSE
	EndGlobalSection
	GlobalSection(NestedProjects) = preSolution
		{4D4D25A9-1C00-49EE-A0A2-438909DF60D0} = {8C75A8AC-CDA2-4006-9E9B-1742E6B1E959}
		{148ED1CE-F837-4DB2-9D0A-50FD6C1CA02E} = {8C75A8AC-CDA2-4006-9E9B-1742E6B1E959}
		{71989561-ABFD-4F39-8B7D-3980BC6E7F06} = {8C75A8AC-CDA2-4006-9E9B-1742E6B1E959}
		{BD440D3F-9E6E-4AE5-B8A2-A61F8C3A5B6D} = {8C75A8AC-CDA2-4006-9E9B-1742E6B1E959}
		{6CD8254C-4805-469C-B316-4CA969EF1744} = {8C75A8AC-CDA2-4006-9E9B-1742E6B1E959}
		{CE63AF71-DE6A-42D5-80D0-73CCE05DAD35} = {CDD18A97-CB16-41B2-ACFB-5FA6B0C8123B}
	EndGlobalSection
EndGlobal
